
Microsoft Visual Studio Solution File, Format Version 12.00
# Visual Studio Version 16
VisualStudioVersion = 16.0.29215.179
MinimumVisualStudioVersion = 10.0.40219.1
Project("{9A19103F-16F7-4668-BE54-9A1E7A4F7556}") = "InvoiceProject", "InvoiceProject\InvoiceProject.csproj", "{AACC4620-179A-46C2-8FFA-51637909CC58}"
EndProject
Project("{FAE04EC0-301F-11D3-BF4B-00C04F79EFBC}") = "InvoiceProject.Tests", "InvoiceProject.Tests\InvoiceProject.Tests.csproj", "{837FAB9D-C9D7-4CBE-9683-F8708AC13EDD}"
EndProject
Global
	GlobalSection(SolutionConfigurationPlatforms) = preSolution
		Debug|Any CPU = Debug|Any CPU
		Release|Any CPU = Release|Any CPU
	EndGlobalSection
	GlobalSection(ProjectConfigurationPlatforms) = postSolution
		{AACC4620-179A-46C2-8FFA-51637909CC58}.Debug|Any CPU.ActiveCfg = Debug|Any CPU
		{AACC4620-179A-46C2-8FFA-51637909CC58}.Debug|Any CPU.Build.0 = Debug|Any CPU
		{AACC4620-179A-46C2-8FFA-51637909CC58}.Release|Any CPU.ActiveCfg = Release|Any CPU
		{AACC4620-179A-46C2-8FFA-51637909CC58}.Release|Any CPU.Build.0 = Release|Any CPU
		{837FAB9D-C9D7-4CBE-9683-F8708AC13EDD}.Debug|Any CPU.ActiveCfg = Debug|Any CPU
		{837FAB9D-C9D7-4CBE-9683-F8708AC13EDD}.Debug|Any CPU.Build.0 = Debug|Any CPU
		{837FAB9D-C9D7-4CBE-9683-F8708AC13EDD}.Release|Any CPU.ActiveCfg = Release|Any CPU
		{837FAB9D-C9D7-4CBE-9683-F8708AC13EDD}.Release|Any CPU.Build.0 = Release|Any CPU
	EndGlobalSection
	GlobalSection(SolutionProperties) = preSolution
		HideSolutionNode = FALSE
	EndGlobalSection
	GlobalSection(ExtensibilityGlobals) = postSolution
		SolutionGuid = {EF5EB795-145A-45B1-8745-315977431FE4}
	EndGlobalSection
EndGlobal
